
Microsoft Visual Studio Solution File, Format Version 12.00
# Visual Studio 15
VisualStudioVersion = 15.0.27703.2000
MinimumVisualStudioVersion = 10.0.40219.1
Project("{FAE04EC0-301F-11D3-BF4B-00C04F79EFBC}") = "DubyaATS1", "DubyaATS1\DubyaATS1.csproj", "{6FE24B85-68EE-4796-B81A-F3348AB71A14}"
EndProject
Global
	GlobalSection(SolutionConfigurationPlatforms) = preSolution
		Debug|Any CPU = Debug|Any CPU
		Release|Any CPU = Release|Any CPU
	EndGlobalSection
	GlobalSection(ProjectConfigurationPlatforms) = postSolution
		{6FE24B85-68EE-4796-B81A-F3348AB71A14}.Debug|Any CPU.ActiveCfg = Debug|Any CPU
		{6FE24B85-68EE-4796-B81A-F3348AB71A14}.Debug|Any CPU.Build.0 = Debug|Any CPU
		{6FE24B85-68EE-4796-B81A-F3348AB71A14}.Release|Any CPU.ActiveCfg = Release|Any CPU
		{6FE24B85-68EE-4796-B81A-F3348AB71A14}.Release|Any CPU.Build.0 = Release|Any CPU
	EndGlobalSection
	GlobalSection(SolutionProperties) = preSolution
		HideSolutionNode = FALSE
	EndGlobalSection
	GlobalSection(ExtensibilityGlobals) = postSolution
		SolutionGuid = {E583641B-B80B-4DD5-95A1-AADEE95B4FFF}
	EndGlobalSection
EndGlobal
